
Microsoft Visual Studio Solution File, Format Version 12.00
# Visual Studio Version 17
VisualStudioVersion = 17.6.33723.286
MinimumVisualStudioVersion = 10.0.40219.1
Project("{9A19103F-16F7-4668-BE54-9A1E7A4F7556}") = "Orbital7.Extensions", "Orbital7.Extensions\Orbital7.Extensions.csproj", "{A0AAC096-F757-491C-8BD3-41EE9168E5CE}"
EndProject
Project("{9A19103F-16F7-4668-BE54-9A1E7A4F7556}") = "Orbital7.Extensions.Graphics", "Orbital7.Extensions.Graphics\Orbital7.Extensions.Graphics.csproj", "{198E4242-E376-4187-B26A-8422B85A0867}"
EndProject
Project("{9A19103F-16F7-4668-BE54-9A1E7A4F7556}") = "Orbital7.Extensions.Server", "Orbital7.Extensions.Server\Orbital7.Extensions.Server.csproj", "{BAB4F10C-E653-478E-8D55-2911F4AC8279}"
EndProject
Project("{2150E333-8FDC-42A3-9474-1A3956D46DE8}") = "Tests", "Tests", "{9D8C0BDF-280D-41AC-9D6B-A30F59C2385D}"
EndProject
Project("{9A19103F-16F7-4668-BE54-9A1E7A4F7556}") = "Orbital7.Extensions.Tests", "Tests\Orbital7.Extensions.Tests\Orbital7.Extensions.Tests.csproj", "{030AC8DD-DC25-4C1D-8241-ACC5452E02CD}"
EndProject
Global
	GlobalSection(SolutionConfigurationPlatforms) = preSolution
		Debug|Any CPU = Debug|Any CPU
		Release|Any CPU = Release|Any CPU
	EndGlobalSection
	GlobalSection(ProjectConfigurationPlatforms) = postSolution
		{A0AAC096-F757-491C-8BD3-41EE9168E5CE}.Debug|Any CPU.ActiveCfg = Debug|Any CPU
		{A0AAC096-F757-491C-8BD3-41EE9168E5CE}.Debug|Any CPU.Build.0 = Debug|Any CPU
		{A0AAC096-F757-491C-8BD3-41EE9168E5CE}.Release|Any CPU.ActiveCfg = Release|Any CPU
		{A0AAC096-F757-491C-8BD3-41EE9168E5CE}.Release|Any CPU.Build.0 = Release|Any CPU
		{198E4242-E376-4187-B26A-8422B85A0867}.Debug|Any CPU.ActiveCfg = Debug|Any CPU
		{198E4242-E376-4187-B26A-8422B85A0867}.Debug|Any CPU.Build.0 = Debug|Any CPU
		{198E4242-E376-4187-B26A-8422B85A0867}.Release|Any CPU.ActiveCfg = Release|Any CPU
		{198E4242-E376-4187-B26A-8422B85A0867}.Release|Any CPU.Build.0 = Release|Any CPU
		{BAB4F10C-E653-478E-8D55-2911F4AC8279}.Debug|Any CPU.ActiveCfg = Debug|Any CPU
		{BAB4F10C-E653-478E-8D55-2911F4AC8279}.Debug|Any CPU.Build.0 = Debug|Any CPU
		{BAB4F10C-E653-478E-8D55-2911F4AC8279}.Release|Any CPU.ActiveCfg = Release|Any CPU
		{BAB4F10C-E653-478E-8D55-2911F4AC8279}.Release|Any CPU.Build.0 = Release|Any CPU
		{030AC8DD-DC25-4C1D-8241-ACC5452E02CD}.Debug|Any CPU.ActiveCfg = Debug|Any CPU
		{030AC8DD-DC25-4C1D-8241-ACC5452E02CD}.Debug|Any CPU.Build.0 = Debug|Any CPU
		{030AC8DD-DC25-4C1D-8241-ACC5452E02CD}.Release|Any CPU.ActiveCfg = Release|Any CPU
		{030AC8DD-DC25-4C1D-8241-ACC5452E02CD}.Release|Any CPU.Build.0 = Release|Any CPU
	EndGlobalSection
	GlobalSection(SolutionProperties) = preSolution
		HideSolutionNode = FALSE
	EndGlobalSection
	GlobalSection(NestedProjects) = preSolution
		{030AC8DD-DC25-4C1D-8241-ACC5452E02CD} = {9D8C0BDF-280D-41AC-9D6B-A30F59C2385D}
	EndGlobalSection
	GlobalSection(ExtensibilityGlobals) = postSolution
		SolutionGuid = {B2F3BC16-6417-4A69-9E02-8BEE7BD783F2}
	EndGlobalSection
EndGlobal
